Microsoft Visual Studio Solution File, Format Version 12.00
# Visual Studio Version 17
VisualStudioVersion = 17.5.2.0
MinimumVisualStudioVersion = 10.0.40219.1
Project("{FAE04EC0-301F-11D3-BF4B-00C04F79EFBC}") = "redb.Core.Postgres", "redb.Core.Postgres.csproj", "{2DCDF046-C78D-53D6-6E86-F281D248FC26}"
EndProject
Global
	GlobalSection(SolutionConfigurationPlatforms) = preSolution
		Debug|Any CPU = Debug|Any CPU
		Release|Any CPU = Release|Any CPU
	EndGlobalSection
	GlobalSection(ProjectConfigurationPlatforms) = postSolution
		{2DCDF046-C78D-53D6-6E86-F281D248FC26}.Debug|Any CPU.ActiveCfg = Debug|Any CPU
		{2DCDF046-C78D-53D6-6E86-F281D248FC26}.Debug|Any CPU.Build.0 = Debug|Any CPU
		{2DCDF046-C78D-53D6-6E86-F281D248FC26}.Release|Any CPU.ActiveCfg = Release|Any CPU
		{2DCDF046-C78D-53D6-6E86-F281D248FC26}.Release|Any CPU.Build.0 = Release|Any CPU
	EndGlobalSection
	GlobalSection(SolutionProperties) = preSolution
		HideSolutionNode = FALSE
	EndGlobalSection
	GlobalSection(ExtensibilityGlobals) = postSolution
		SolutionGuid = {80EAA439-CE25-4B59-96B0-EC79B7A22702}
	EndGlobalSection
EndGlobal
